PODS:
  - NCMB (1.1.2)

DEPENDENCIES:
  - NCMB (from `https://github.com/NIFCLOUD-mbaas/ncmb_swift.git`)

EXTERNAL SOURCES:
  NCMB:
    :git: https://github.com/NIFCLOUD-mbaas/ncmb_swift.git

CHECKOUT OPTIONS:
  NCMB:
    :commit: c0a233c3d8c9b7151493da0d9420fc472d10f1b9
    :git: https://github.com/NIFCLOUD-mbaas/ncmb_swift.git

SPEC CHECKSUMS:
  NCMB: 71a6dc3bce6124739ef9d287fb8811664ae0968b

PODFILE CHECKSUM: 5504d871dc5c5752fca6e4a5770fae96e1bc4e8e

COCOAPODS: 1.10.0
